// !$*UTF8*$!
{
	archiveVersion = 1;
	classes = {
	};
	objectVersion = 50;
	objects = {

/* Begin PBXBuildFile section */
		064AFF86234B4BBB00592077 /* Car.swift in Sources */ = {isa = PBXBuildFile; fileRef = 064AFF85234B4BBB00592077 /* Car.swift */; };
		064AFF88234B4BC800592077 /* CarDirectory.swift in Sources */ = {isa = PBXBuildFile; fileRef = 064AFF87234B4BC800592077 /* CarDirectory.swift */; };
		067FC62C234B4A5600EA1EBF /* AppDelegate.swift in Sources */ = {isa = PBXBuildFile; fileRef = 067FC62B234B4A5600EA1EBF /* AppDelegate.swift */; };
		067FC62E234B4A5600EA1EBF /* SceneDelegate.swift in Sources */ = {isa = PBXBuildFile; fileRef = 067FC62D234B4A5600EA1EBF /* SceneDelegate.swift */; };
		067FC630234B4A5600EA1EBF /* CarDirectoryViewController.swift in Sources */ = {isa = PBXBuildFile; fileRef = 067FC62F234B4A5600EA1EBF /* CarDirectoryViewController.swift */; };
		067FC633234B4A5600EA1EBF /* Main.storyboard in Resources */ = {isa = PBXBuildFile; fileRef = 067FC631234B4A5600EA1EBF /* Main.storyboard */; };
		067FC635234B4A5700EA1EBF /* Assets.xcassets in Resources */ = {isa = PBXBuildFile; fileRef = 067FC634234B4A5700EA1EBF /* Assets.xcassets */; };
		067FC638234B4A5700EA1EBF /* LaunchScreen.storyboard in Resources */ = {isa = PBXBuildFile; fileRef = 067FC636234B4A5700EA1EBF /* LaunchScreen.storyboard */; };
/* End PBXBuildFile section */

/* Begin PBXFileReference section */
		064AFF85234B4BBB00592077 /* Car.swift */ = {isa = PBXFileReference; lastKnownFileType = sourcecode.swift; path = Car.swift; sourceTree = "<group>"; };
		064AFF87234B4BC800592077 /* CarDirectory.swift */ = {isa = PBXFileReference; lastKnownFileType = sourcecode.swift; path = CarDirectory.swift; sourceTree = "<group>"; };
		067FC628234B4A5600EA1EBF /* CarInfo.app */ = {isa = PBXFileReference; explicitFileType = wrapper.application; includeInIndex = 0; path = CarInfo.app; sourceTree = BUILT_PRODUCTS_DIR; };
		067FC62B234B4A5600EA1EBF /* AppDelegate.swift */ = {isa = PBXFileReference; lastKnownFileType = sourcecode.swift; path = AppDelegate.swift; sourceTree = "<group>"; };
		067FC62D234B4A5600EA1EBF /* SceneDelegate.swift */ = {isa = PBXFileReference; lastKnownFileType = sourcecode.swift; path = SceneDelegate.swift; sourceTree = "<group>"; };
		067FC62F234B4A5600EA1EBF /* CarDirectoryViewController.swift */ = {isa = PBXFileReference; lastKnownFileType = sourcecode.swift; path = CarDirectoryViewController.swift; sourceTree = "<group>"; };
		067FC632234B4A5600EA1EBF /* Base */ = {isa = PBXFileReference; lastKnownFileType = file.storyboard; name = Base; path = Base.lproj/Main.storyboard; sourceTree = "<group>"; };
		067FC634234B4A5700EA1EBF /* Assets.xcassets */ = {isa = PBXFileReference; lastKnownFileType = folder.assetcatalog; path = Assets.xcassets; sourceTree = "<group>"; };
		067FC637234B4A5700EA1EBF /* Base */ = {isa = PBXFileReference; lastKnownFileType = file.storyboard; name = Base; path = Base.lproj/LaunchScreen.storyboard; sourceTree = "<group>"; };
		067FC639234B4A5700EA1EBF /* Info.plist */ = {isa = PBXFileReference; lastKnownFileType = text.plist.xml; path = Info.plist; sourceTree = "<group>"; };
/* End PBXFileReference section */

/* Begin PBXFrameworksBuildPhase section */
		067FC625234B4A5600EA1EBF /* Frameworks */ = {
			isa = PBXFrameworksBuildPhase;
			buildActionMask = 2147483647;
			files = (
			);
			runOnlyForDeploymentPostprocessing = 0;
		};
/* End PBXFrameworksBuildPhase section */

/* Begin PBXGroup section */
		064AFF82234B4B5A00592077 /* Model */ = {
			isa = PBXGroup;
			children = (
				064AFF85234B4BBB00592077 /* Car.swift */,
				064AFF87234B4BC800592077 /* CarDirectory.swift */,
			);
			path = Model;
			sourceTree = "<group>";
		};
		064AFF83234B4B6300592077 /* View */ = {
			isa = PBXGroup;
			children = (
				067FC631234B4A5600EA1EBF /* Main.storyboard */,
			);
			path = View;
			sourceTree = "<group>";
		};
		064AFF84234B4B6800592077 /* Comtroller */ = {
			isa = PBXGroup;
			children = (
				067FC62F234B4A5600EA1EBF /* CarDirectoryViewController.swift */,
			);
			path = Comtroller;
			sourceTree = "<group>";
		};
		067FC61F234B4A5600EA1EBF = {
			isa = PBXGroup;
			children = (
				067FC62A234B4A5600EA1EBF /* CarInfo */,
				067FC629234B4A5600EA1EBF /* Products */,
			);
			sourceTree = "<group>";
		};
		067FC629234B4A5600EA1EBF /* Products */ = {
			isa = PBXGroup;
			children = (
				067FC628234B4A5600EA1EBF /* CarInfo.app */,
			);
			name = Products;
			sourceTree = "<group>";
		};
		067FC62A234B4A5600EA1EBF /* CarInfo */ = {
			isa = PBXGroup;
			children = (
				067FC62B234B4A5600EA1EBF /* AppDelegate.swift */,
				067FC62D234B4A5600EA1EBF /* SceneDelegate.swift */,
				064AFF82234B4B5A00592077 /* Model */,
				064AFF83234B4B6300592077 /* View */,
				064AFF84234B4B6800592077 /* Comtroller */,
				067FC634234B4A5700EA1EBF /* Assets.xcassets */,
				067FC636234B4A5700EA1EBF /* LaunchScreen.storyboard */,
				067FC639234B4A5700EA1EBF /* Info.plist */,
			);
			path = CarInfo;
			sourceTree = "<group>";
		};
/* End PBXGroup section */

/* Begin PBXNativeTarget section */
		067FC627234B4A5600EA1EBF /* CarInfo */ = {
			isa = PBXNativeTarget;
			buildConfigurationList = 067FC63C234B4A5700EA1EBF /* Build configuration list for PBXNativeTarget "CarInfo" */;
			buildPhases = (
				067FC624234B4A5600EA1EBF /* Sources */,
				067FC625234B4A5600EA1EBF /* Frameworks */,
				067FC626234B4A5600EA1EBF /* Resources */,
			);
			buildRules = (
			);
			dependencies = (
			);
			name = CarInfo;
			productName = CarInfo;
			productReference = 067FC628234B4A5600EA1EBF /* CarInfo.app */;
			productType = "com.apple.product-type.application";
		};
/* End PBXNativeTarget section */

/* Begin PBXProject section */
		067FC620234B4A5600EA1EBF /* Project object */ = {
			isa = PBXProject;
			attributes = {
				LastSwiftUpdateCheck = 1100;
				LastUpgradeCheck = 1100;
				ORGANIZATIONNAME = "Maxim Shalashnikov";
				TargetAttributes = {
					067FC627234B4A5600EA1EBF = {
						CreatedOnToolsVersion = 11.0;
					};
				};
			};
			buildConfigurationList = 067FC623234B4A5600EA1EBF /* Build configuration list for PBXProject "CarInfo" */;
			compatibilityVersion = "Xcode 9.3";
			developmentRegion = en;
			hasScannedForEncodings = 0;
			knownRegions = (
				en,
				Base,
			);
			mainGroup = 067FC61F234B4A5600EA1EBF;
			productRefGroup = 067FC629234B4A5600EA1EBF /* Products */;
			projectDirPath = "";
			projectRoot = "";
			targets = (
				067FC627234B4A5600EA1EBF /* CarInfo */,
			);
		};
/* End PBXProject section */

/* Begin PBXResourcesBuildPhase section */
		067FC626234B4A5600EA1EBF /* Resources */ = {
			isa = PBXResourcesBuildPhase;
			buildActionMask = 2147483647;
			files = (
				067FC638234B4A5700EA1EBF /* LaunchScreen.storyboard in Resources */,
				067FC635234B4A5700EA1EBF /* Assets.xcassets in Resources */,
				067FC633234B4A5600EA1EBF /* Main.storyboard in Resources */,
			);
			runOnlyForDeploymentPostprocessing = 0;
		};
/* End PBXResourcesBuildPhase section */

/* Begin PBXSourcesBuildPhase section */
		067FC624234B4A5600EA1EBF /* Sources */ = {
			isa = PBXSourcesBuildPhase;
			buildActionMask = 2147483647;
			files = (
				064AFF88234B4BC800592077 /* CarDirectory.swift in Sources */,
				067FC630234B4A5600EA1EBF /* CarDirectoryViewController.swift in Sources */,
				067FC62C234B4A5600EA1EBF /* AppDelegate.swift in Sources */,
				064AFF86234B4BBB00592077 /* Car.swift in Sources */,
				067FC62E234B4A5600EA1EBF /* SceneDelegate.swift in Sources */,
			);
			runOnlyForDeploymentPostprocessing = 0;
		};
/* End PBXSourcesBuildPhase section */

/* Begin PBXVariantGroup section */
		067FC631234B4A5600EA1EBF /* Main.storyboard */ = {
			isa = PBXVariantGroup;
			children = (
				067FC632234B4A5600EA1EBF /* Base */,
			);
			name = Main.storyboard;
			sourceTree = "<group>";
		};
		067FC636234B4A5700EA1EBF /* LaunchScreen.storyboard */ = {
			isa = PBXVariantGroup;
			children = (
				067FC637234B4A5700EA1EBF /* Base */,
			);
			name = LaunchScreen.storyboard;
			sourceTree = "<group>";
		};
/* End PBXVariantGroup section */

/* Begin XCBuildConfiguration section */
		067FC63A234B4A5700EA1EBF /* Debug */ = {
			isa = XCBuildConfiguration;
			buildSettings = {
				ALWAYS_SEARCH_USER_PATHS = NO;
				CLANG_ANALYZER_NONNULL = YES;
				CLANG_ANALYZER_NUMBER_OBJECT_CONVERSION = YES_AGGRESSIVE;
				CLANG_CXX_LANGUAGE_STANDARD = "gnu++14";
				CLANG_CXX_LIBRARY = "libc++";
				CLANG_ENABLE_MODULES = YES;
				CLANG_ENABLE_OBJC_ARC = YES;
				CLANG_ENABLE_OBJC_WEAK = YES;
				CLANG_WARN_BLOCK_CAPTURE_AUTORELEASING = YES;
				CLANG_WARN_BOOL_CONVERSION = YES;
				CLANG_WARN_COMMA = YES;
				CLANG_WARN_CONSTANT_CONVERSION = YES;
				CLANG_WARN_DEPRECATED_OBJC_IMPLEMENTATIONS = YES;
				CLANG_WARN_DIRECT_OBJC_ISA_USAGE = YES_ERROR;
				CLANG_WARN_DOCUMENTATION_COMMENTS = YES;
				CLANG_WARN_EMPTY_BODY = YES;
				CLANG_WARN_ENUM_CONVERSION = YES;
				CLANG_WARN_INFINITE_RECURSION = YES;
				CLANG_WARN_INT_CONVERSION = YES;
				CLANG_WARN_NON_LITERAL_NULL_CONVERSION = YES;
				CLANG_WARN_OBJC_IMPLICIT_RETAIN_SELF = YES;
				CLANG_WARN_OBJC_LITERAL_CONVERSION = YES;
				CLANG_WARN_OBJC_ROOT_CLASS = YES_ERROR;
				CLANG_WARN_RANGE_LOOP_ANALYSIS = YES;
				CLANG_WARN_STRICT_PROTOTYPES = YES;
				CLANG_WARN_SUSPICIOUS_MOVE = YES;
				CLANG_WARN_UNGUARDED_AVAILABILITY = YES_AGGRESSIVE;
				CLANG_WARN_UNREACHABLE_CODE = YES;
				CLANG_WARN__DUPLICATE_METHOD_MATCH = YES;
				COPY_PHASE_STRIP = NO;
				DEBUG_INFORMATION_FORMAT = dwarf;
				ENABLE_STRICT_OBJC_MSGSEND = YES;
				ENABLE_TESTABILITY = YES;
				GCC_C_LANGUAGE_STANDARD = gnu11;
				GCC_DYNAMIC_NO_PIC = NO;
				GCC_NO_COMMON_BLOCKS = YES;
				GCC_OPTIMIZATION_LEVEL = 0;
				GCC_PREPROCESSOR_DEFINITIONS = (
					"DEBUG=1",
					"$(inherited)",
				);
				GCC_WARN_64_TO_32_BIT_CONVERSION = YES;
				GCC_WARN_ABOUT_RETURN_TYPE = YES_ERROR;
				GCC_WARN_UNDECLARED_SELECTOR = YES;
				GCC_WARN_UNINITIALIZED_AUTOS = YES_AGGRESSIVE;
				GCC_WARN_UNUSED_FUNCTION = YES;
				GCC_WARN_UNUSED_VARIABLE = YES;
				IPHONEOS_DEPLOYMENT_TARGET = 13.0;
				MTL_ENABLE_DEBUG_INFO = INCLUDE_SOURCE;
				MTL_FAST_MATH = YES;
				ONLY_ACTIVE_ARCH = YES;
				SDKROOT = iphoneos;
				SWIFT_ACTIVE_COMPILATION_CONDITIONS = DEBUG;
				SWIFT_OPTIMIZATION_LEVEL = "-Onone";
			};
			name = Debug;
		};
		067FC63B234B4A5700EA1EBF /* Release */ = {
			isa = XCBuildConfiguration;
			buildSettings = {
				ALWAYS_SEARCH_USER_PATHS = NO;
				CLANG_ANALYZER_NONNULL = YES;
				CLANG_ANALYZER_NUMBER_OBJECT_CONVERSION = YES_AGGRESSIVE;
				CLANG_CXX_LANGUAGE_STANDARD = "gnu++14";
				CLANG_CXX_LIBRARY = "libc++";
				CLANG_ENABLE_MODULES = YES;
				CLANG_ENABLE_OBJC_ARC = YES;
				CLANG_ENABLE_OBJC_WEAK = YES;
				CLANG_WARN_BLOCK_CAPTURE_AUTORELEASING = YES;
				CLANG_WARN_BOOL_CONVERSION = YES;
				CLANG_WARN_COMMA = YES;
				CLANG_WARN_CONSTANT_CONVERSION = YES;
				CLANG_WARN_DEPRECATED_OBJC_IMPLEMENTATIONS = YES;
				CLANG_WARN_DIRECT_OBJC_ISA_USAGE = YES_ERROR;
				CLANG_WARN_DOCUMENTATION_COMMENTS = YES;
				CLANG_WARN_EMPTY_BODY = YES;
				CLANG_WARN_ENUM_CONVERSION = YES;
				CLANG_WARN_INFINITE_RECURSION = YES;
				CLANG_WARN_INT_CONVERSION = YES;
				CLANG_WARN_NON_LITERAL_NULL_CONVERSION = YES;
				CLANG_WARN_OBJC_IMPLICIT_RETAIN_SELF = YES;
				CLANG_WARN_OBJC_LITERAL_CONVERSION = YES;
				CLANG_WARN_OBJC_ROOT_CLASS = YES_ERROR;
				CLANG_WARN_RANGE_LOOP_ANALYSIS = YES;
				CLANG_WARN_STRICT_PROTOTYPES = YES;
				CLANG_WARN_SUSPICIOUS_MOVE = YES;
				CLANG_WARN_UNGUARDED_AVAILABILITY = YES_AGGRESSIVE;
				CLANG_WARN_UNREACHABLE_CODE = YES;
				CLANG_WARN__DUPLICATE_METHOD_MATCH = YES;
				COPY_PHASE_STRIP = NO;
				DEBUG_INFORMATION_FORMAT = "dwarf-with-dsym";
				ENABLE_NS_ASSERTIONS = NO;
				ENABLE_STRICT_OBJC_MSGSEND = YES;
				GCC_C_LANGUAGE_STANDARD = gnu11;
				GCC_NO_COMMON_BLOCKS = YES;
				GCC_WARN_64_TO_32_BIT_CONVERSION = YES;
				GCC_WARN_ABOUT_RETURN_TYPE = YES_ERROR;
				GCC_WARN_UNDECLARED_SELECTOR = YES;
				GCC_WARN_UNINITIALIZED_AUTOS = YES_AGGRESSIVE;
				GCC_WARN_UNUSED_FUNCTION = YES;
				GCC_WARN_UNUSED_VARIABLE = YES;
				IPHONEOS_DEPLOYMENT_TARGET = 13.0;
				MTL_ENABLE_DEBUG_INFO = NO;
				MTL_FAST_MATH = YES;
				SDKROOT = iphoneos;
				SWIFT_COMPILATION_MODE = wholemodule;
				SWIFT_OPTIMIZATION_LEVEL = "-O";
				VALIDATE_PRODUCT = YES;
			};
			name = Release;
		};
		067FC63D234B4A5700EA1EBF /* Debug */ = {
			isa = XCBuildConfiguration;
			buildSettings = {
				ASSETCATALOG_COMPILER_APPICON_NAME = AppIcon;
				CODE_SIGN_STYLE = Automatic;
				INFOPLIST_FILE = CarInfo/Info.plist;
				LD_RUNPATH_SEARCH_PATHS = (
					"$(inherited)",
					"@executable_path/Frameworks",
				);
				PRODUCT_BUNDLE_IDENTIFIER = com.MaximShalashnikov.CarInfo;
				PRODUCT_NAME = "$(TARGET_NAME)";
				SWIFT_VERSION = 5.0;
				TARGETED_DEVICE_FAMILY = "1,2";
			};
			name = Debug;
		};
		067FC63E234B4A5700EA1EBF /* Release */ = {
			isa = XCBuildConfiguration;
			buildSettings = {
				ASSETCATALOG_COMPILER_APPICON_NAME = AppIcon;
				CODE_SIGN_STYLE = Automatic;
				INFOPLIST_FILE = CarInfo/Info.plist;
				LD_RUNPATH_SEARCH_PATHS = (
					"$(inherited)",
					"@executable_path/Frameworks",
				);
				PRODUCT_BUNDLE_IDENTIFIER = com.MaximShalashnikov.CarInfo;
				PRODUCT_NAME = "$(TARGET_NAME)";
				SWIFT_VERSION = 5.0;
				TARGETED_DEVICE_FAMILY = "1,2";
			};
			name = Release;
		};
/* End XCBuildConfiguration section */

/* Begin XCConfigurationList section */
		067FC623234B4A5600EA1EBF /* Build configuration list for PBXProject "CarInfo" */ = {
			isa = XCConfigurationList;
			buildConfigurations = (
				067FC63A234B4A5700EA1EBF /* Debug */,
				067FC63B234B4A5700EA1EBF /* Release */,
			);
			defaultConfigurationIsVisible = 0;
			defaultConfigurationName = Release;
		};
		067FC63C234B4A5700EA1EBF /* Build configuration list for PBXNativeTarget "CarInfo" */ = {
			isa = XCConfigurationList;
			buildConfigurations = (
				067FC63D234B4A5700EA1EBF /* Debug */,
				067FC63E234B4A5700EA1EBF /* Release */,
			);
			defaultConfigurationIsVisible = 0;
			defaultConfigurationName = Release;
		};
/* End XCConfigurationList section */
	};
	rootObject = 067FC620234B4A5600EA1EBF /* Project object */;
}
